
Microsoft Visual Studio Solution File, Format Version 12.00
# Visual Studio Version 17
VisualStudioVersion = 17.11.35219.272
MinimumVisualStudioVersion = 10.0.40219.1
Project("{FAE04EC0-301F-11D3-BF4B-00C04F79EFBC}") = "Ejercicio13", "Ejercicio13.csproj", "{BA1E295C-868A-444A-BB0D-2E27A1B66052}"
EndProject
Global
	GlobalSection(SolutionConfigurationPlatforms) = preSolution
		Debug|Any CPU = Debug|Any CPU
		Release|Any CPU = Release|Any CPU
	EndGlobalSection
	GlobalSection(ProjectConfigurationPlatforms) = postSolution
		{BA1E295C-868A-444A-BB0D-2E27A1B66052}.Debug|Any CPU.ActiveCfg = Debug|Any CPU
		{BA1E295C-868A-444A-BB0D-2E27A1B66052}.Debug|Any CPU.Build.0 = Debug|Any CPU
		{BA1E295C-868A-444A-BB0D-2E27A1B66052}.Release|Any CPU.ActiveCfg = Release|Any CPU
		{BA1E295C-868A-444A-BB0D-2E27A1B66052}.Release|Any CPU.Build.0 = Release|Any CPU
	EndGlobalSection
	GlobalSection(SolutionProperties) = preSolution
		HideSolutionNode = FALSE
	EndGlobalSection
	GlobalSection(ExtensibilityGlobals) = postSolution
		SolutionGuid = {EAB0610B-99FE-4A42-BDCF-F7DCD4BF00D5}
	EndGlobalSection
EndGlobal
