
Microsoft Visual Studio Solution File, Format Version 12.00
# Visual Studio Version 17
VisualStudioVersion = 17.11.35219.272
MinimumVisualStudioVersion = 10.0.40219.1
Project("{FAE04EC0-301F-11D3-BF4B-00C04F79EFBC}") = "Ejercicio41", "Ejercicio41.csproj", "{0BD506F2-2AB8-47CA-9A7D-1F119AB24FA9}"
EndProject
Global
	GlobalSection(SolutionConfigurationPlatforms) = preSolution
		Debug|Any CPU = Debug|Any CPU
		Release|Any CPU = Release|Any CPU
	EndGlobalSection
	GlobalSection(ProjectConfigurationPlatforms) = postSolution
		{0BD506F2-2AB8-47CA-9A7D-1F119AB24FA9}.Debug|Any CPU.ActiveCfg = Debug|Any CPU
		{0BD506F2-2AB8-47CA-9A7D-1F119AB24FA9}.Debug|Any CPU.Build.0 = Debug|Any CPU
		{0BD506F2-2AB8-47CA-9A7D-1F119AB24FA9}.Release|Any CPU.ActiveCfg = Release|Any CPU
		{0BD506F2-2AB8-47CA-9A7D-1F119AB24FA9}.Release|Any CPU.Build.0 = Release|Any CPU
	EndGlobalSection
	GlobalSection(SolutionProperties) = preSolution
		HideSolutionNode = FALSE
	EndGlobalSection
	GlobalSection(ExtensibilityGlobals) = postSolution
		SolutionGuid = {4EC663E5-8784-431E-9526-8157485D8A32}
	EndGlobalSection
EndGlobal
